
Microsoft Visual Studio Solution File, Format Version 12.00
# Visual Studio 15
VisualStudioVersion = 15.0.26730.16
MinimumVisualStudioVersion = 10.0.40219.1
Project("{FAE04EC0-301F-11D3-BF4B-00C04F79EFBC}") = "PinetreeChat.WebAPI", "PinetreeChat.WebAPI\PinetreeChat.WebAPI.csproj", "{126FD726-4976-4594-BEBB-5FCBA64848F4}"
EndProject
Project("{FAE04EC0-301F-11D3-BF4B-00C04F79EFBC}") = "PinetreeChat.DataAccess", "PinetreeChat.DataAccess\PinetreeChat.DataAccess.csproj", "{E610DC59-D28F-4A93-B6BD-07BFDFDC15B7}"
EndProject
Project("{FAE04EC0-301F-11D3-BF4B-00C04F79EFBC}") = "PinetreeChat.Domain", "PinetreeChat.Domain\PinetreeChat.Domain.csproj", "{DD438337-77BD-4EC6-8F24-FD55BC0A8E8A}"
EndProject
Project("{FAE04EC0-301F-11D3-BF4B-00C04F79EFBC}") = "PinetreeChat.Entities", "PinetreeChat.Entities\PinetreeChat.Entities.csproj", "{B4AFCB46-3763-4CA0-B58E-BEA5404A004D}"
EndProject
Project("{9A19103F-16F7-4668-BE54-9A1E7A4F7556}") = "PinetreeChat.Interfaces", "PinetreeChat.Interfaces\PinetreeChat.Interfaces.csproj", "{7B10222C-F8F1-44BB-9479-DB4BA6214EB0}"
EndProject
Global
	GlobalSection(SolutionConfigurationPlatforms) = preSolution
		Debug|Any CPU = Debug|Any CPU
		Release|Any CPU = Release|Any CPU
	EndGlobalSection
	GlobalSection(ProjectConfigurationPlatforms) = postSolution
		{126FD726-4976-4594-BEBB-5FCBA64848F4}.Debug|Any CPU.ActiveCfg = Debug|Any CPU
		{126FD726-4976-4594-BEBB-5FCBA64848F4}.Debug|Any CPU.Build.0 = Debug|Any CPU
		{126FD726-4976-4594-BEBB-5FCBA64848F4}.Release|Any CPU.ActiveCfg = Release|Any CPU
		{126FD726-4976-4594-BEBB-5FCBA64848F4}.Release|Any CPU.Build.0 = Release|Any CPU
		{E610DC59-D28F-4A93-B6BD-07BFDFDC15B7}.Debug|Any CPU.ActiveCfg = Debug|Any CPU
		{E610DC59-D28F-4A93-B6BD-07BFDFDC15B7}.Debug|Any CPU.Build.0 = Debug|Any CPU
		{E610DC59-D28F-4A93-B6BD-07BFDFDC15B7}.Release|Any CPU.ActiveCfg = Release|Any CPU
		{E610DC59-D28F-4A93-B6BD-07BFDFDC15B7}.Release|Any CPU.Build.0 = Release|Any CPU
		{DD438337-77BD-4EC6-8F24-FD55BC0A8E8A}.Debug|Any CPU.ActiveCfg = Debug|Any CPU
		{DD438337-77BD-4EC6-8F24-FD55BC0A8E8A}.Debug|Any CPU.Build.0 = Debug|Any CPU
		{DD438337-77BD-4EC6-8F24-FD55BC0A8E8A}.Release|Any CPU.ActiveCfg = Release|Any CPU
		{DD438337-77BD-4EC6-8F24-FD55BC0A8E8A}.Release|Any CPU.Build.0 = Release|Any CPU
		{B4AFCB46-3763-4CA0-B58E-BEA5404A004D}.Debug|Any CPU.ActiveCfg = Debug|Any CPU
		{B4AFCB46-3763-4CA0-B58E-BEA5404A004D}.Debug|Any CPU.Build.0 = Debug|Any CPU
		{B4AFCB46-3763-4CA0-B58E-BEA5404A004D}.Release|Any CPU.ActiveCfg = Release|Any CPU
		{B4AFCB46-3763-4CA0-B58E-BEA5404A004D}.Release|Any CPU.Build.0 = Release|Any CPU
		{7B10222C-F8F1-44BB-9479-DB4BA6214EB0}.Debug|Any CPU.ActiveCfg = Debug|Any CPU
		{7B10222C-F8F1-44BB-9479-DB4BA6214EB0}.Debug|Any CPU.Build.0 = Debug|Any CPU
		{7B10222C-F8F1-44BB-9479-DB4BA6214EB0}.Release|Any CPU.ActiveCfg = Release|Any CPU
		{7B10222C-F8F1-44BB-9479-DB4BA6214EB0}.Release|Any CPU.Build.0 = Release|Any CPU
	EndGlobalSection
	GlobalSection(SolutionProperties) = preSolution
		HideSolutionNode = FALSE
	EndGlobalSection
	GlobalSection(ExtensibilityGlobals) = postSolution
		SolutionGuid = {9DDDA41C-7C07-41C4-A266-64075C342B27}
	EndGlobalSection
EndGlobal
